
Microsoft Visual Studio Solution File, Format Version 12.00
# Visual Studio Version 16
VisualStudioVersion = 16.0.28729.10
MinimumVisualStudioVersion = 10.0.40219.1
Project("{FAE04EC0-301F-11D3-BF4B-00C04F79EFBC}") = "Tarea2-1", "Tarea2-1\Tarea2-1.csproj", "{8AEB4B9F-BA92-49AA-ACAA-A3FD0810AA79}"
EndProject
Global
	GlobalSection(SolutionConfigurationPlatforms) = preSolution
		Debug|Any CPU = Debug|Any CPU
		Release|Any CPU = Release|Any CPU
	EndGlobalSection
	GlobalSection(ProjectConfigurationPlatforms) = postSolution
		{8AEB4B9F-BA92-49AA-ACAA-A3FD0810AA79}.Debug|Any CPU.ActiveCfg = Debug|Any CPU
		{8AEB4B9F-BA92-49AA-ACAA-A3FD0810AA79}.Debug|Any CPU.Build.0 = Debug|Any CPU
		{8AEB4B9F-BA92-49AA-ACAA-A3FD0810AA79}.Release|Any CPU.ActiveCfg = Release|Any CPU
		{8AEB4B9F-BA92-49AA-ACAA-A3FD0810AA79}.Release|Any CPU.Build.0 = Release|Any CPU
	EndGlobalSection
	GlobalSection(SolutionProperties) = preSolution
		HideSolutionNode = FALSE
	EndGlobalSection
	GlobalSection(ExtensibilityGlobals) = postSolution
		SolutionGuid = {E74EC4C2-E391-4D51-8C8A-5029215C13F8}
	EndGlobalSection
EndGlobal
